
Microsoft Visual Studio Solution File, Format Version 12.00
# Visual Studio 15
VisualStudioVersion = 15.0.28307.1022
MinimumVisualStudioVersion = 10.0.40219.1
Project("{FAE04EC0-301F-11D3-BF4B-00C04F79EFBC}") = "DGDRL.APP", "DGDRL.APP\DGDRL.APP.csproj", "{7819E8E1-5526-4DA7-AC3C-35321BBF2443}"
EndProject
Project("{FAE04EC0-301F-11D3-BF4B-00C04F79EFBC}") = "DGDRL.Model", "DGDRL.Model\DGDRL.Model.csproj", "{49C16769-B6CF-4F20-B9DD-9FC1F07DEA68}"
EndProject
Global
	GlobalSection(SolutionConfigurationPlatforms) = preSolution
		Debug|Any CPU = Debug|Any CPU
		Release|Any CPU = Release|Any CPU
	EndGlobalSection
	GlobalSection(ProjectConfigurationPlatforms) = postSolution
		{7819E8E1-5526-4DA7-AC3C-35321BBF2443}.Debug|Any CPU.ActiveCfg = Debug|Any CPU
		{7819E8E1-5526-4DA7-AC3C-35321BBF2443}.Debug|Any CPU.Build.0 = Debug|Any CPU
		{7819E8E1-5526-4DA7-AC3C-35321BBF2443}.Release|Any CPU.ActiveCfg = Release|Any CPU
		{7819E8E1-5526-4DA7-AC3C-35321BBF2443}.Release|Any CPU.Build.0 = Release|Any CPU
		{49C16769-B6CF-4F20-B9DD-9FC1F07DEA68}.Debug|Any CPU.ActiveCfg = Debug|Any CPU
		{49C16769-B6CF-4F20-B9DD-9FC1F07DEA68}.Debug|Any CPU.Build.0 = Debug|Any CPU
		{49C16769-B6CF-4F20-B9DD-9FC1F07DEA68}.Release|Any CPU.ActiveCfg = Release|Any CPU
		{49C16769-B6CF-4F20-B9DD-9FC1F07DEA68}.Release|Any CPU.Build.0 = Release|Any CPU
	EndGlobalSection
	GlobalSection(SolutionProperties) = preSolution
		HideSolutionNode = FALSE
	EndGlobalSection
	GlobalSection(ExtensibilityGlobals) = postSolution
		SolutionGuid = {E6614F8E-66F5-4DD3-9E77-A6C8C5E8DF27}
	EndGlobalSection
EndGlobal
